
Microsoft Visual Studio Solution File, Format Version 12.00
# Visual Studio Version 17
VisualStudioVersion = 17.2.32630.192
MinimumVisualStudioVersion = 10.0.40219.1
Project("{FAE04EC0-301F-11D3-BF4B-00C04F79EFBC}") = "Ojave.Core", "Ojave.Core\Ojave.Core.csproj", "{79B69942-EB5B-491D-8735-A3D75D8AD791}"
EndProject
Project("{2150E333-8FDC-42A3-9474-1A3956D46DE8}") = "src", "src", "{F074878C-91B9-475C-B48E-98EBE6BEE3C0}"
EndProject
Project("{2150E333-8FDC-42A3-9474-1A3956D46DE8}") = "tests", "tests", "{B6C4AB8B-9816-4606-ABDE-4A740931F972}"
EndProject
Project("{FAE04EC0-301F-11D3-BF4B-00C04F79EFBC}") = "Ojave.Core.Tests", "Ojave.Core.Tests\Ojave.Core.Tests.csproj", "{1A40FC77-8CBC-4E88-B932-7BB9BA91D5F0}"
EndProject
Global
	GlobalSection(SolutionConfigurationPlatforms) = preSolution
		Debug|Any CPU = Debug|Any CPU
		Release|Any CPU = Release|Any CPU
	EndGlobalSection
	GlobalSection(ProjectConfigurationPlatforms) = postSolution
		{79B69942-EB5B-491D-8735-A3D75D8AD791}.Debug|Any CPU.ActiveCfg = Debug|Any CPU
		{79B69942-EB5B-491D-8735-A3D75D8AD791}.Debug|Any CPU.Build.0 = Debug|Any CPU
		{79B69942-EB5B-491D-8735-A3D75D8AD791}.Release|Any CPU.ActiveCfg = Release|Any CPU
		{79B69942-EB5B-491D-8735-A3D75D8AD791}.Release|Any CPU.Build.0 = Release|Any CPU
		{1A40FC77-8CBC-4E88-B932-7BB9BA91D5F0}.Debug|Any CPU.ActiveCfg = Debug|Any CPU
		{1A40FC77-8CBC-4E88-B932-7BB9BA91D5F0}.Debug|Any CPU.Build.0 = Debug|Any CPU
		{1A40FC77-8CBC-4E88-B932-7BB9BA91D5F0}.Release|Any CPU.ActiveCfg = Release|Any CPU
		{1A40FC77-8CBC-4E88-B932-7BB9BA91D5F0}.Release|Any CPU.Build.0 = Release|Any CPU
	EndGlobalSection
	GlobalSection(SolutionProperties) = preSolution
		HideSolutionNode = FALSE
	EndGlobalSection
	GlobalSection(NestedProjects) = preSolution
		{79B69942-EB5B-491D-8735-A3D75D8AD791} = {F074878C-91B9-475C-B48E-98EBE6BEE3C0}
		{1A40FC77-8CBC-4E88-B932-7BB9BA91D5F0} = {B6C4AB8B-9816-4606-ABDE-4A740931F972}
	EndGlobalSection
	GlobalSection(ExtensibilityGlobals) = postSolution
		SolutionGuid = {914B09AD-67D2-4DBA-8B29-97121CC550BF}
	EndGlobalSection
EndGlobal
